
Microsoft Visual Studio Solution File, Format Version 12.00
# Visual Studio 15
VisualStudioVersion = 15.0.28307.902
MinimumVisualStudioVersion = 10.0.40219.1
Project("{8BC9CEB8-8B4A-11D0-8D11-00A0C91BC942}") = "test mang 2 chieu", "test mang 2 chieu\test mang 2 chieu.vcxproj", "{DCEC2A54-162B-4896-905B-5EECE3C4F24A}"
EndProject
Project("{8BC9CEB8-8B4A-11D0-8D11-00A0C91BC942}") = "actions with 1D array", "actions with 1D array\actions with 1D array.vcxproj", "{913AEBAF-F324-49D7-BDD5-39DF66518B7A}"
EndProject
Global
	GlobalSection(SolutionConfigurationPlatforms) = preSolution
		Debug|x64 = Debug|x64
		Debug|x86 = Debug|x86
		Release|x64 = Release|x64
		Release|x86 = Release|x86
	EndGlobalSection
	GlobalSection(ProjectConfigurationPlatforms) = postSolution
		{DCEC2A54-162B-4896-905B-5EECE3C4F24A}.Debug|x64.ActiveCfg = Debug|x64
		{DCEC2A54-162B-4896-905B-5EECE3C4F24A}.Debug|x64.Build.0 = Debug|x64
		{DCEC2A54-162B-4896-905B-5EECE3C4F24A}.Debug|x86.ActiveCfg = Debug|Win32
		{DCEC2A54-162B-4896-905B-5EECE3C4F24A}.Debug|x86.Build.0 = Debug|Win32
		{DCEC2A54-162B-4896-905B-5EECE3C4F24A}.Release|x64.ActiveCfg = Release|x64
		{DCEC2A54-162B-4896-905B-5EECE3C4F24A}.Release|x64.Build.0 = Release|x64
		{DCEC2A54-162B-4896-905B-5EECE3C4F24A}.Release|x86.ActiveCfg = Release|Win32
		{DCEC2A54-162B-4896-905B-5EECE3C4F24A}.Release|x86.Build.0 = Release|Win32
		{913AEBAF-F324-49D7-BDD5-39DF66518B7A}.Debug|x64.ActiveCfg = Debug|x64
		{913AEBAF-F324-49D7-BDD5-39DF66518B7A}.Debug|x64.Build.0 = Debug|x64
		{913AEBAF-F324-49D7-BDD5-39DF66518B7A}.Debug|x86.ActiveCfg = Debug|Win32
		{913AEBAF-F324-49D7-BDD5-39DF66518B7A}.Debug|x86.Build.0 = Debug|Win32
		{913AEBAF-F324-49D7-BDD5-39DF66518B7A}.Release|x64.ActiveCfg = Release|x64
		{913AEBAF-F324-49D7-BDD5-39DF66518B7A}.Release|x64.Build.0 = Release|x64
		{913AEBAF-F324-49D7-BDD5-39DF66518B7A}.Release|x86.ActiveCfg = Release|Win32
		{913AEBAF-F324-49D7-BDD5-39DF66518B7A}.Release|x86.Build.0 = Release|Win32
	EndGlobalSection
	GlobalSection(SolutionProperties) = preSolution
		HideSolutionNode = FALSE
	EndGlobalSection
	GlobalSection(ExtensibilityGlobals) = postSolution
		SolutionGuid = {5EA7EDE0-40D1-49E6-ADD2-C8C94C1B544C}
	EndGlobalSection
EndGlobal
